
Microsoft Visual Studio Solution File, Format Version 12.00
# Visual Studio Version 16
VisualStudioVersion = 16.0.29806.167
MinimumVisualStudioVersion = 10.0.40219.1
Project("{9A19103F-16F7-4668-BE54-9A1E7A4F7556}") = "VideoApp", "VideoApp\VideoApp.csproj", "{A04A77C5-8B02-4E79-9437-18C0ACA98AC1}"
EndProject
Project("{FAE04EC0-301F-11D3-BF4B-00C04F79EFBC}") = "VideoTests", "VideoTests\VideoTests.csproj", "{485A7CEE-BF48-42F7-9618-61E9B161C180}"
EndProject
Global
	GlobalSection(SolutionConfigurationPlatforms) = preSolution
		Debug|Any CPU = Debug|Any CPU
		Release|Any CPU = Release|Any CPU
	EndGlobalSection
	GlobalSection(ProjectConfigurationPlatforms) = postSolution
		{A04A77C5-8B02-4E79-9437-18C0ACA98AC1}.Debug|Any CPU.ActiveCfg = Debug|Any CPU
		{A04A77C5-8B02-4E79-9437-18C0ACA98AC1}.Debug|Any CPU.Build.0 = Debug|Any CPU
		{A04A77C5-8B02-4E79-9437-18C0ACA98AC1}.Release|Any CPU.ActiveCfg = Release|Any CPU
		{A04A77C5-8B02-4E79-9437-18C0ACA98AC1}.Release|Any CPU.Build.0 = Release|Any CPU
		{485A7CEE-BF48-42F7-9618-61E9B161C180}.Debug|Any CPU.ActiveCfg = Debug|Any CPU
		{485A7CEE-BF48-42F7-9618-61E9B161C180}.Debug|Any CPU.Build.0 = Debug|Any CPU
		{485A7CEE-BF48-42F7-9618-61E9B161C180}.Release|Any CPU.ActiveCfg = Release|Any CPU
		{485A7CEE-BF48-42F7-9618-61E9B161C180}.Release|Any CPU.Build.0 = Release|Any CPU
	EndGlobalSection
	GlobalSection(SolutionProperties) = preSolution
		HideSolutionNode = FALSE
	EndGlobalSection
	GlobalSection(ExtensibilityGlobals) = postSolution
		SolutionGuid = {A68FD00C-D22C-4CFD-B288-B9CB7B04F1AB}
	EndGlobalSection
EndGlobal
